
Microsoft Visual Studio Solution File, Format Version 12.00
# Visual Studio Version 17
VisualStudioVersion = 17.9.34701.34
MinimumVisualStudioVersion = 10.0.40219.1
Project("{9A19103F-16F7-4668-BE54-9A1E7A4F7556}") = "NadinSoftShop.Domain", "NadinSoftShop.Domain\NadinSoftShop.Domain.csproj", "{1258C03D-6D24-468C-A918-EAE661B55AA1}"
EndProject
Project("{9A19103F-16F7-4668-BE54-9A1E7A4F7556}") = "NadinSoftShop.Infrastructure", "NadinSoftShop.Infrastructure\NadinSoftShop.Infrastructure.csproj", "{75ED3F83-18A5-4C4C-92D1-BA2D221DF1AA}"
EndProject
Project("{9A19103F-16F7-4668-BE54-9A1E7A4F7556}") = "NadinSoftShop.Application", "NadinSoftShop.Application\NadinSoftShop.Application.csproj", "{DE000E18-AA52-4492-85EE-BC7B78A50D2F}"
EndProject
Project("{9A19103F-16F7-4668-BE54-9A1E7A4F7556}") = "NadinSoftShop.WebApi", "NadinSoftShop.WebApi\NadinSoftShop.WebApi.csproj", "{2141A7AE-FC70-4A77-9DE1-828FD33A2479}"
EndProject
Project("{FAE04EC0-301F-11D3-BF4B-00C04F79EFBC}") = "NadinSoftShop.Framework", "NadinSoftShop.Framework\NadinSoftShop.Framework.csproj", "{DF1552C4-3060-4E40-8907-7E678176DAF2}"
EndProject
Global
	GlobalSection(SolutionConfigurationPlatforms) = preSolution
		Debug|Any CPU = Debug|Any CPU
		Release|Any CPU = Release|Any CPU
	EndGlobalSection
	GlobalSection(ProjectConfigurationPlatforms) = postSolution
		{1258C03D-6D24-468C-A918-EAE661B55AA1}.Debug|Any CPU.ActiveCfg = Debug|Any CPU
		{1258C03D-6D24-468C-A918-EAE661B55AA1}.Debug|Any CPU.Build.0 = Debug|Any CPU
		{1258C03D-6D24-468C-A918-EAE661B55AA1}.Release|Any CPU.ActiveCfg = Release|Any CPU
		{1258C03D-6D24-468C-A918-EAE661B55AA1}.Release|Any CPU.Build.0 = Release|Any CPU
		{75ED3F83-18A5-4C4C-92D1-BA2D221DF1AA}.Debug|Any CPU.ActiveCfg = Debug|Any CPU
		{75ED3F83-18A5-4C4C-92D1-BA2D221DF1AA}.Debug|Any CPU.Build.0 = Debug|Any CPU
		{75ED3F83-18A5-4C4C-92D1-BA2D221DF1AA}.Release|Any CPU.ActiveCfg = Release|Any CPU
		{75ED3F83-18A5-4C4C-92D1-BA2D221DF1AA}.Release|Any CPU.Build.0 = Release|Any CPU
		{DE000E18-AA52-4492-85EE-BC7B78A50D2F}.Debug|Any CPU.ActiveCfg = Debug|Any CPU
		{DE000E18-AA52-4492-85EE-BC7B78A50D2F}.Debug|Any CPU.Build.0 = Debug|Any CPU
		{DE000E18-AA52-4492-85EE-BC7B78A50D2F}.Release|Any CPU.ActiveCfg = Release|Any CPU
		{DE000E18-AA52-4492-85EE-BC7B78A50D2F}.Release|Any CPU.Build.0 = Release|Any CPU
		{2141A7AE-FC70-4A77-9DE1-828FD33A2479}.Debug|Any CPU.ActiveCfg = Debug|Any CPU
		{2141A7AE-FC70-4A77-9DE1-828FD33A2479}.Debug|Any CPU.Build.0 = Debug|Any CPU
		{2141A7AE-FC70-4A77-9DE1-828FD33A2479}.Release|Any CPU.ActiveCfg = Release|Any CPU
		{2141A7AE-FC70-4A77-9DE1-828FD33A2479}.Release|Any CPU.Build.0 = Release|Any CPU
		{DF1552C4-3060-4E40-8907-7E678176DAF2}.Debug|Any CPU.ActiveCfg = Debug|Any CPU
		{DF1552C4-3060-4E40-8907-7E678176DAF2}.Debug|Any CPU.Build.0 = Debug|Any CPU
		{DF1552C4-3060-4E40-8907-7E678176DAF2}.Release|Any CPU.ActiveCfg = Release|Any CPU
		{DF1552C4-3060-4E40-8907-7E678176DAF2}.Release|Any CPU.Build.0 = Release|Any CPU
	EndGlobalSection
	GlobalSection(SolutionProperties) = preSolution
		HideSolutionNode = FALSE
	EndGlobalSection
	GlobalSection(ExtensibilityGlobals) = postSolution
		SolutionGuid = {E32C8E1E-A2D5-4B39-BF84-D890AF834A0E}
	EndGlobalSection
EndGlobal
